#MicroXplorer Configuration settings - do not modify
CORTEX_M7.IPParameters=default_mode_Activation,MPU_Control
CORTEX_M7.MPU_Control=__NULL
CORTEX_M7.default_mode_Activation=1
ETH.IPParameters=MediaInterface,MACAddr
ETH.MACAddr=A0\:B0\:C0\:D0\:E0\:F0
ETH.MediaInterface=HAL_ETH_RMII_MODE
File.Version=6
GPIO.groupedBy=Group By Peripherals
KeepUserPlacement=false
Mcu.CPN=STM32H750XBH6
Mcu.Family=STM32H7
Mcu.IP0=CORTEX_M7
Mcu.IP1=DEBUG
Mcu.IP2=ETH
Mcu.IP3=NVIC
Mcu.IP4=QUADSPI
Mcu.IP5=RCC
Mcu.IP6=SYS
Mcu.IP7=UART4
Mcu.IPNb=8
Mcu.Name=STM32H750XBHx
Mcu.Package=TFBGA240
Mcu.Pin0=PG11
Mcu.Pin1=PA14 (JTCK/SWCLK)
Mcu.Pin10=PF6
Mcu.Pin11=PF7
Mcu.Pin12=PF8
Mcu.Pin13=PF10
Mcu.Pin14=PF9
Mcu.Pin15=PC1
Mcu.Pin16=PA2
Mcu.Pin17=PA1
Mcu.Pin18=PA0
Mcu.Pin19=PA7
Mcu.Pin2=PA13 (JTMS/SWDIO)
Mcu.Pin20=PC4
Mcu.Pin21=PC5
Mcu.Pin22=VP_SYS_VS_tim1
Mcu.Pin23=VP_STMicroelectronics.X-CUBE-AZRTOS-H7_VS_RTOSJjThreadX_6.1.10_2.1.0
Mcu.Pin24=VP_STMicroelectronics.X-CUBE-AZRTOS-H7_VS_NetworkJjNetXDuo_6.1.10_2.1.0
Mcu.Pin25=VP_STMicroelectronics.X-CUBE-AZRTOS-H7_VS_NetworkJjInterfaces_2.1.0_2.1.0
Mcu.Pin26=VP_STMicroelectronics.X-CUBE-AZRTOS-H7_VS_BoardOoPartJjSTM32CubeIiBSPIiComponents_1.1.0_2.1.0
Mcu.Pin3=PG14
Mcu.Pin4=PG13
Mcu.Pin5=PI9
Mcu.Pin6=PI8
Mcu.Pin7=PG6
Mcu.Pin8=PH1-OSC_OUT (PH1)
Mcu.Pin9=PH0-OSC_IN (PH0)
Mcu.PinsNb=27
Mcu.ThirdParty0=STMicroelectronics.X-CUBE-AZRTOS-H7.2.1.0
Mcu.ThirdPartyNb=1
Mcu.UserConstants=
Mcu.UserName=STM32H750XBHx
MxCube.Version=6.5.0
MxDb.Version=DB.6.0.50
NVIC.BusFault_IRQn=true\:0\:0\:false\:false\:true\:false\:false\:false\:true
NVIC.DebugMonitor_IRQn=true\:0\:0\:false\:false\:true\:false\:false\:false\:true
NVIC.ETH_IRQn=true\:0\:0\:false\:false\:true\:false\:true\:true\:true
NVIC.ForceEnableDMAVector=true
NVIC.HardFault_IRQn=true\:0\:0\:false\:false\:true\:false\:false\:false\:true
NVIC.MemoryManagement_IRQn=true\:0\:0\:false\:false\:true\:false\:false\:false\:true
NVIC.NonMaskableInt_IRQn=true\:0\:0\:false\:false\:true\:false\:false\:false\:true
NVIC.PendSV_IRQn=true\:0\:0\:false\:false\:false\:false\:false\:false\:true
NVIC.PriorityGroup=NVIC_PRIORITYGROUP_4
NVIC.SVCall_IRQn=true\:0\:0\:false\:false\:false\:false\:false\:false\:true
NVIC.SavedPendsvIrqHandlerGenerated=true
NVIC.SavedSvcallIrqHandlerGenerated=true
NVIC.SavedSystickIrqHandlerGenerated=true
NVIC.SysTick_IRQn=true\:0\:0\:false\:false\:false\:false\:false\:true\:true
NVIC.TIM1_UP_IRQn=true\:15\:0\:false\:false\:true\:false\:false\:true\:true
NVIC.TimeBase=TIM1_UP_IRQn
NVIC.TimeBaseIP=TIM1
NVIC.UsageFault_IRQn=true\:0\:0\:false\:false\:true\:false\:false\:false\:true
PA0.Locked=true
PA0.Mode=Asynchronous
PA0.Signal=UART4_TX
PA1.Mode=RMII
PA1.Signal=ETH_REF_CLK
PA13\ (JTMS/SWDIO).Mode=Serial_Wire
PA13\ (JTMS/SWDIO).Signal=DEBUG_JTMS-SWDIO
PA14\ (JTCK/SWCLK).Mode=Serial_Wire
PA14\ (JTCK/SWCLK).Signal=DEBUG_JTCK-SWCLK
PA2.Mode=RMII
PA2.Signal=ETH_MDIO
PA7.Mode=RMII
PA7.Signal=ETH_CRS_DV
PC1.Mode=RMII
PC1.Signal=ETH_MDC
PC4.Mode=RMII
PC4.Signal=ETH_RXD0
PC5.Mode=RMII
PC5.Signal=ETH_RXD1
PF10.GPIOParameters=GPIO_Speed
PF10.GPIO_Speed=GPIO_SPEED_FREQ_VERY_HIGH
PF10.Mode=Single Bank 1
PF10.Signal=QUADSPI_CLK
PF6.GPIOParameters=GPIO_Speed
PF6.GPIO_Speed=GPIO_SPEED_FREQ_VERY_HIGH
PF6.Mode=Single Bank 1
PF6.Signal=QUADSPI_BK1_IO3
PF7.GPIOParameters=GPIO_Speed
PF7.GPIO_Speed=GPIO_SPEED_FREQ_VERY_HIGH
PF7.Locked=true
PF7.Mode=Single Bank 1
PF7.Signal=QUADSPI_BK1_IO2
PF8.GPIOParameters=GPIO_Speed
PF8.GPIO_Speed=GPIO_SPEED_FREQ_VERY_HIGH
PF8.Locked=true
PF8.Mode=Single Bank 1
PF8.Signal=QUADSPI_BK1_IO0
PF9.GPIOParameters=GPIO_Speed
PF9.GPIO_Speed=GPIO_SPEED_FREQ_VERY_HIGH
PF9.Locked=true
PF9.Mode=Single Bank 1
PF9.Signal=QUADSPI_BK1_IO1
PG11.Mode=RMII
PG11.Signal=ETH_TX_EN
PG13.Mode=RMII
PG13.Signal=ETH_TXD0
PG14.Locked=true
PG14.Mode=RMII
PG14.Signal=ETH_TXD1
PG6.GPIOParameters=GPIO_Speed
PG6.GPIO_Speed=GPIO_SPEED_FREQ_VERY_HIGH
PG6.Locked=true
PG6.Mode=Single Bank 1
PG6.Signal=QUADSPI_BK1_NCS
PH0-OSC_IN\ (PH0).Mode=HSE-External-Oscillator
PH0-OSC_IN\ (PH0).Signal=RCC_OSC_IN
PH1-OSC_OUT\ (PH1).Mode=HSE-External-Oscillator
PH1-OSC_OUT\ (PH1).Signal=RCC_OSC_OUT
PI8.Locked=true
PI8.Signal=GPIO_Output
PI9.Locked=true
PI9.Mode=Asynchronous
PI9.Signal=UART4_RX
PinOutPanel.CurrentBGAView=Top
PinOutPanel.RotationAngle=0
ProjectManager.AskForMigrate=true
ProjectManager.BackupPrevious=false
ProjectManager.CompilerOptimize=6
ProjectManager.ComputerToolchain=false
ProjectManager.CoupleFile=true
ProjectManager.CustomerFirmwarePackage=
ProjectManager.DefaultFWLocation=true
ProjectManager.DeletePrevious=true
ProjectManager.DeviceId=STM32H750XBHx
ProjectManager.FirmwarePackage=STM32Cube FW_H7 V1.10.0
ProjectManager.FreePins=false
ProjectManager.HalAssertFull=true
ProjectManager.HeapSize=0x400
ProjectManager.KeepUserCode=true
ProjectManager.LastFirmware=true
ProjectManager.LibraryCopy=0
ProjectManager.MainLocation=Core/Src
ProjectManager.NoMain=false
ProjectManager.PreviousToolchain=
ProjectManager.ProjectBuild=false
ProjectManager.ProjectFileName=H7_NetxDuo.ioc
ProjectManager.ProjectName=H7_NetxDuo
ProjectManager.RegisterCallBack=
ProjectManager.StackSize=0x400
ProjectManager.TargetToolchain=EWARM V8.50
ProjectManager.ToolChainLocation=
ProjectManager.UnderRoot=false
ProjectManager.functionlistsort=1-SystemClock_Config-RCC-false-HAL-false,2-MX_GPIO_Init-GPIO-false-HAL-true,3-MX_UART4_Init-UART4-false-HAL-true,4-MX_ETH_Init-ETH-false-HAL-true,5-MX_QUADSPI_Init-QUADSPI-false-HAL-true,0-MX_CORTEX_M7_Init-CORTEX_M7-false-HAL-true
QUADSPI.ChipSelectHighTime=QSPI_CS_HIGH_TIME_5_CYCLE
QUADSPI.ClockPrescaler=1
QUADSPI.FifoThreshold=4
QUADSPI.FlashSize=22
QUADSPI.IPParameters=ClockPrescaler,FifoThreshold,SampleShifting,FlashSize,ChipSelectHighTime
QUADSPI.SampleShifting=QSPI_SAMPLE_SHIFTING_HALFCYCLE
RCC.ADCFreq_Value=200000000
RCC.AHB12Freq_Value=240000000
RCC.AHB4Freq_Value=240000000
RCC.APB1Freq_Value=120000000
RCC.APB2Freq_Value=120000000
RCC.APB3Freq_Value=120000000
RCC.APB4Freq_Value=120000000
RCC.AXIClockFreq_Value=240000000
RCC.CECFreq_Value=32000
RCC.CKPERFreq_Value=64000000
RCC.CortexFreq_Value=480000000
RCC.CpuClockFreq_Value=480000000
RCC.D1CPREFreq_Value=480000000
RCC.D1PPRE=RCC_APB3_DIV2
RCC.D2PPRE1=RCC_APB1_DIV2
RCC.D2PPRE2=RCC_APB2_DIV2
RCC.D3PPRE=RCC_APB4_DIV2
RCC.DFSDMACLkFreq_Value=480000000
RCC.DFSDMFreq_Value=120000000
RCC.DIVM1=5
RCC.DIVM2=25
RCC.DIVM3=25
RCC.DIVN1=192
RCC.DIVN2=400
RCC.DIVN3=480
RCC.DIVP1Freq_Value=480000000
RCC.DIVP2Freq_Value=200000000
RCC.DIVP3Freq_Value=240000000
RCC.DIVQ1Freq_Value=480000000
RCC.DIVQ2Freq_Value=200000000
RCC.DIVQ3Freq_Value=240000000
RCC.DIVR1Freq_Value=480000000
RCC.DIVR2Freq_Value=200000000
RCC.DIVR3Freq_Value=240000000
RCC.FDCANFreq_Value=480000000
RCC.FMCFreq_Value=240000000
RCC.FamilyName=M
RCC.HCLK3ClockFreq_Value=240000000
RCC.HCLKFreq_Value=240000000
RCC.HPRE=RCC_HCLK_DIV2
RCC.HRTIMFreq_Value=240000000
RCC.HSE_Timout=1000
RCC.I2C123Freq_Value=120000000
RCC.I2C4Freq_Value=120000000
RCC.IPParameters=ADCFreq_Value,AHB12Freq_Value,AHB4Freq_Value,APB1Freq_Value,APB2Freq_Value,APB3Freq_Value,APB4Freq_Value,AXIClockFreq_Value,CECFreq_Value,CKPERFreq_Value,CortexFreq_Value,CpuClockFreq_Value,D1CPREFreq_Value,D1PPRE,D2PPRE1,D2PPRE2,D3PPRE,DFSDMACLkFreq_Value,DFSDMFreq_Value,DIVM1,DIVM2,DIVM3,DIVN1,DIVN2,DIVN3,DIVP1Freq_Value,DIVP2Freq_Value,DIVP3Freq_Value,DIVQ1Freq_Value,DIVQ2Freq_Value,DIVQ3Freq_Value,DIVR1Freq_Value,DIVR2Freq_Value,DIVR3Freq_Value,FDCANFreq_Value,FMCFreq_Value,FamilyName,HCLK3ClockFreq_Value,HCLKFreq_Value,HPRE,HRTIMFreq_Value,HSE_Timout,I2C123Freq_Value,I2C4Freq_Value,LPTIM1Freq_Value,LPTIM2Freq_Value,LPTIM345Freq_Value,LPUART1Freq_Value,LTDCFreq_Value,MCO1PinFreq_Value,MCO2PinFreq_Value,PLLSourceVirtual,QSPIFreq_Value,RNGFreq_Value,RTCFreq_Value,SAI1Freq_Value,SAI23Freq_Value,SAI4AFreq_Value,SAI4BFreq_Value,SDMMCFreq_Value,SPDIFRXFreq_Value,SPI123Freq_Value,SPI45Freq_Value,SPI6Freq_Value,SWPMI1Freq_Value,SYSCLKFreq_VALUE,SYSCLKSource,Tim1OutputFreq_Value,Tim2OutputFreq_Value,TraceFreq_Value,USART16Freq_Value,USART234578Freq_Value,USBFreq_Value,VCO1OutputFreq_Value,VCO2OutputFreq_Value,VCO3OutputFreq_Value,VCOInput1Freq_Value,VCOInput2Freq_Value,VCOInput3Freq_Value
RCC.LPTIM1Freq_Value=120000000
RCC.LPTIM2Freq_Value=120000000
RCC.LPTIM345Freq_Value=120000000
RCC.LPUART1Freq_Value=120000000
RCC.LTDCFreq_Value=240000000
RCC.MCO1PinFreq_Value=64000000
RCC.MCO2PinFreq_Value=480000000
RCC.PLLSourceVirtual=RCC_PLLSOURCE_HSE
RCC.QSPIFreq_Value=240000000
RCC.RNGFreq_Value=48000000
RCC.RTCFreq_Value=32000
RCC.SAI1Freq_Value=480000000
RCC.SAI23Freq_Value=480000000
RCC.SAI4AFreq_Value=480000000
RCC.SAI4BFreq_Value=480000000
RCC.SDMMCFreq_Value=480000000
RCC.SPDIFRXFreq_Value=480000000
RCC.SPI123Freq_Value=480000000
RCC.SPI45Freq_Value=120000000
RCC.SPI6Freq_Value=120000000
RCC.SWPMI1Freq_Value=120000000
RCC.SYSCLKFreq_VALUE=480000000
RCC.SYSCLKSource=RCC_SYSCLKSOURCE_PLLCLK
RCC.Tim1OutputFreq_Value=240000000
RCC.Tim2OutputFreq_Value=240000000
RCC.TraceFreq_Value=480000000
RCC.USART16Freq_Value=120000000
RCC.USART234578Freq_Value=120000000
RCC.USBFreq_Value=480000000
RCC.VCO1OutputFreq_Value=960000000
RCC.VCO2OutputFreq_Value=400000000
RCC.VCO3OutputFreq_Value=480000000
RCC.VCOInput1Freq_Value=5000000
RCC.VCOInput2Freq_Value=1000000
RCC.VCOInput3Freq_Value=1000000
STMicroelectronics.X-CUBE-AZRTOS-H7.2.1.0.BoardOoPartJjSTM32CubeIiBSPIiComponents_Checked=true
STMicroelectronics.X-CUBE-AZRTOS-H7.2.1.0.IPParameters=TX_TIMER_TICKS_PER_SECOND,TX_APP_MEM_POOL_SIZE,NX_APP_MEM_POOL_SIZE,ThreadXCcRTOSJjThreadXJjCore,ThreadXCcRTOSJjThreadXJjPerformanceInfo,ThreadXCcRTOSJjThreadXJjTraceXOosupport,NetXDuoCcNetworkJjNetXDuoJjNXOoCore,NetXDuoCcNetworkJjNetXDuoJjTraceXOoSupport,NetXDuoCcNetworkJjNetXDuoJjAddonsOoAutoIP,InterfacesCcNetworkJjEthernetOoInterface,STM32CubeIiBSPIiComponentsCcBoardOoPartJjETHPhyJjLAN8742,InterfacesCcNetworkJjEthernetOoPhyOoInterface
STMicroelectronics.X-CUBE-AZRTOS-H7.2.1.0.InterfacesCcNetworkJjEthernetOoInterface=true
STMicroelectronics.X-CUBE-AZRTOS-H7.2.1.0.InterfacesCcNetworkJjEthernetOoPhyOoInterface=LAN8742IiPhyIiInterface
STMicroelectronics.X-CUBE-AZRTOS-H7.2.1.0.NX_APP_MEM_POOL_SIZE=4096
STMicroelectronics.X-CUBE-AZRTOS-H7.2.1.0.NetXDuoCcNetworkJjNetXDuoJjAddonsOoAutoIP=true
STMicroelectronics.X-CUBE-AZRTOS-H7.2.1.0.NetXDuoCcNetworkJjNetXDuoJjNXOoCore=true
STMicroelectronics.X-CUBE-AZRTOS-H7.2.1.0.NetXDuoCcNetworkJjNetXDuoJjTraceXOoSupport=true
STMicroelectronics.X-CUBE-AZRTOS-H7.2.1.0.NetworkJjInterfaces_Checked=true
STMicroelectronics.X-CUBE-AZRTOS-H7.2.1.0.NetworkJjNetXDuo_Checked=true
STMicroelectronics.X-CUBE-AZRTOS-H7.2.1.0.RTOSJjThreadX_Checked=true
STMicroelectronics.X-CUBE-AZRTOS-H7.2.1.0.STM32CubeIiBSPIiComponentsCcBoardOoPartJjETHPhyJjLAN8742=true
STMicroelectronics.X-CUBE-AZRTOS-H7.2.1.0.TX_APP_MEM_POOL_SIZE=4096
STMicroelectronics.X-CUBE-AZRTOS-H7.2.1.0.TX_TIMER_TICKS_PER_SECOND=1000
STMicroelectronics.X-CUBE-AZRTOS-H7.2.1.0.ThreadXCcRTOSJjThreadXJjCore=true
STMicroelectronics.X-CUBE-AZRTOS-H7.2.1.0.ThreadXCcRTOSJjThreadXJjPerformanceInfo=true
STMicroelectronics.X-CUBE-AZRTOS-H7.2.1.0.ThreadXCcRTOSJjThreadXJjTraceXOosupport=true
STMicroelectronics.X-CUBE-AZRTOS-H7.2.1.0_IsAnAzureRtosMw=true
STMicroelectronics.X-CUBE-AZRTOS-H7.2.1.0_SwParameter=NetXDuoCcNetworkJjNetXDuoJjTraceXOoSupport\:true;NetXDuoCcNetworkJjNetXDuoJjAddonsOoAutoIP\:true;NetXDuoCcNetworkJjNetXDuoJjNXOoCore\:true;InterfacesCcNetworkJjEthernetOoInterface\:true;ThreadXCcRTOSJjThreadXJjPerformanceInfo\:true;ThreadXCcRTOSJjThreadXJjTraceXOosupport\:true;ThreadXCcRTOSJjThreadXJjCore\:true;STM32CubeIiBSPIiComponentsCcBoardOoPartJjETHPhyJjLAN8742\:true;InterfacesCcNetworkJjEthernetOoPhyOoInterface\:LAN8742IiPhyIiInterface;
VP_STMicroelectronics.X-CUBE-AZRTOS-H7_VS_BoardOoPartJjSTM32CubeIiBSPIiComponents_1.1.0_2.1.0.Mode=BoardOoPartJjSTM32CubeIiBSPIiComponents
VP_STMicroelectronics.X-CUBE-AZRTOS-H7_VS_BoardOoPartJjSTM32CubeIiBSPIiComponents_1.1.0_2.1.0.Signal=STMicroelectronics.X-CUBE-AZRTOS-H7_VS_BoardOoPartJjSTM32CubeIiBSPIiComponents_1.1.0_2.1.0
VP_STMicroelectronics.X-CUBE-AZRTOS-H7_VS_NetworkJjInterfaces_2.1.0_2.1.0.Mode=NetworkJjInterfaces
VP_STMicroelectronics.X-CUBE-AZRTOS-H7_VS_NetworkJjInterfaces_2.1.0_2.1.0.Signal=STMicroelectronics.X-CUBE-AZRTOS-H7_VS_NetworkJjInterfaces_2.1.0_2.1.0
VP_STMicroelectronics.X-CUBE-AZRTOS-H7_VS_NetworkJjNetXDuo_6.1.10_2.1.0.Mode=NetworkJjNetXDuo
VP_STMicroelectronics.X-CUBE-AZRTOS-H7_VS_NetworkJjNetXDuo_6.1.10_2.1.0.Signal=STMicroelectronics.X-CUBE-AZRTOS-H7_VS_NetworkJjNetXDuo_6.1.10_2.1.0
VP_STMicroelectronics.X-CUBE-AZRTOS-H7_VS_RTOSJjThreadX_6.1.10_2.1.0.Mode=RTOSJjThreadX
VP_STMicroelectronics.X-CUBE-AZRTOS-H7_VS_RTOSJjThreadX_6.1.10_2.1.0.Signal=STMicroelectronics.X-CUBE-AZRTOS-H7_VS_RTOSJjThreadX_6.1.10_2.1.0
VP_SYS_VS_tim1.Mode=TIM1
VP_SYS_VS_tim1.Signal=SYS_VS_tim1
board=custom
